Microsoft Visual Studio Solution File, Format Version 11.00
# Visual Studio 2008

Project("{41EF93CA-369D-A730-D3E8-DCB8B713EEA3}") = "PlantWriteGrow", "Assembly-CSharp.csproj", "{09B30AC8-1E98-B4BE-7120-290AFF10155B}"
EndProject
Global
	GlobalSection(SolutionConfigurationPlatforms) = preSolution
		Debug|Any CPU = Debug|Any CPU
		Release|Any CPU = Release|Any CPU
	EndGlobalSection
	GlobalSection(ProjectConfigurationPlatforms) = postSolution
		{09B30AC8-1E98-B4BE-7120-290AFF10155B}.Debug|Any CPU.ActiveCfg = Debug|Any CPU
		{09B30AC8-1E98-B4BE-7120-290AFF10155B}.Debug|Any CPU.Build.0 = Debug|Any CPU
		{09B30AC8-1E98-B4BE-7120-290AFF10155B}.Release|Any CPU.ActiveCfg = Release|Any CPU
		{09B30AC8-1E98-B4BE-7120-290AFF10155B}.Release|Any CPU.Build.0 = Release|Any CPU
	EndGlobalSection
	GlobalSection(SolutionProperties) = preSolution
		HideSolutionNode = FALSE
	EndGlobalSection
	GlobalSection(MonoDevelopProperties) = preSolution
		StartupItem = Assembly-CSharp.csproj
	EndGlobalSection
EndGlobal
